
Microsoft Visual Studio Solution File, Format Version 12.00
# Visual Studio Version 16
VisualStudioVersion = 16.0.30002.166
MinimumVisualStudioVersion = 10.0.40219.1
Project("{FAE04EC0-301F-11D3-BF4B-00C04F79EFBC}") = "Arv", "Arv\Arv.csproj", "{A91CC96F-C558-42F6-9FF6-302E1E3D2789}"
EndProject
Global
	GlobalSection(SolutionConfigurationPlatforms) = preSolution
		Debug|Any CPU = Debug|Any CPU
		Release|Any CPU = Release|Any CPU
	EndGlobalSection
	GlobalSection(ProjectConfigurationPlatforms) = postSolution
		{A91CC96F-C558-42F6-9FF6-302E1E3D2789}.Debug|Any CPU.ActiveCfg = Debug|Any CPU
		{A91CC96F-C558-42F6-9FF6-302E1E3D2789}.Debug|Any CPU.Build.0 = Debug|Any CPU
		{A91CC96F-C558-42F6-9FF6-302E1E3D2789}.Release|Any CPU.ActiveCfg = Release|Any CPU
		{A91CC96F-C558-42F6-9FF6-302E1E3D2789}.Release|Any CPU.Build.0 = Release|Any CPU
	EndGlobalSection
	GlobalSection(SolutionProperties) = preSolution
		HideSolutionNode = FALSE
	EndGlobalSection
	GlobalSection(ExtensibilityGlobals) = postSolution
		SolutionGuid = {6025A398-6DA7-4A2E-9A0A-C1EE7AFA8787}
	EndGlobalSection
EndGlobal
